
Microsoft Visual Studio Solution File, Format Version 12.00
# Visual Studio Version 17
VisualStudioVersion = 17.0.31410.414
MinimumVisualStudioVersion = 10.0.40219.1
Project("{9A19103F-16F7-4668-BE54-9A1E7A4F7556}") = "LeadGen.Processor", "LeadGen.Processor.csproj", "{1F013EF8-03E0-4EED-A148-225E3CABBF9B}"
EndProject
Project("{9A19103F-16F7-4668-BE54-9A1E7A4F7556}") = "LeadGen.Core", "..\LeadGen.Shared\LeadGen.Core\LeadGen.Core.csproj", "{02FB128D-83F7-4ADB-AE46-F483EF251769}"
EndProject
Project("{9A19103F-16F7-4668-BE54-9A1E7A4F7556}") = "LeadGen.Connectors", "..\LeadGen.Shared\LeadGen.Connectors\LeadGen.Connectors.csproj", "{EC793348-AFE5-4DA0-9335-9B2658E15C06}"
EndProject
Global
	GlobalSection(SolutionConfigurationPlatforms) = preSolution
		Debug|Any CPU = Debug|Any CPU
		Debug|x64 = Debug|x64
		Debug|x86 = Debug|x86
		Release|Any CPU = Release|Any CPU
		Release|x64 = Release|x64
		Release|x86 = Release|x86
	EndGlobalSection
	GlobalSection(ProjectConfigurationPlatforms) = postSolution
		{1F013EF8-03E0-4EED-A148-225E3CABBF9B}.Debug|Any CPU.ActiveCfg = Debug|Any CPU
		{1F013EF8-03E0-4EED-A148-225E3CABBF9B}.Debug|Any CPU.Build.0 = Debug|Any CPU
		{1F013EF8-03E0-4EED-A148-225E3CABBF9B}.Debug|x64.ActiveCfg = Debug|Any CPU
		{1F013EF8-03E0-4EED-A148-225E3CABBF9B}.Debug|x64.Build.0 = Debug|Any CPU
		{1F013EF8-03E0-4EED-A148-225E3CABBF9B}.Debug|x86.ActiveCfg = Debug|Any CPU
		{1F013EF8-03E0-4EED-A148-225E3CABBF9B}.Debug|x86.Build.0 = Debug|Any CPU
		{1F013EF8-03E0-4EED-A148-225E3CABBF9B}.Release|Any CPU.ActiveCfg = Release|Any CPU
		{1F013EF8-03E0-4EED-A148-225E3CABBF9B}.Release|Any CPU.Build.0 = Release|Any CPU
		{1F013EF8-03E0-4EED-A148-225E3CABBF9B}.Release|x64.ActiveCfg = Release|Any CPU
		{1F013EF8-03E0-4EED-A148-225E3CABBF9B}.Release|x64.Build.0 = Release|Any CPU
		{1F013EF8-03E0-4EED-A148-225E3CABBF9B}.Release|x86.ActiveCfg = Release|Any CPU
		{1F013EF8-03E0-4EED-A148-225E3CABBF9B}.Release|x86.Build.0 = Release|Any CPU
		{02FB128D-83F7-4ADB-AE46-F483EF251769}.Debug|Any CPU.ActiveCfg = Debug|Any CPU
		{02FB128D-83F7-4ADB-AE46-F483EF251769}.Debug|Any CPU.Build.0 = Debug|Any CPU
		{02FB128D-83F7-4ADB-AE46-F483EF251769}.Debug|x64.ActiveCfg = Debug|Any CPU
		{02FB128D-83F7-4ADB-AE46-F483EF251769}.Debug|x64.Build.0 = Debug|Any CPU
		{02FB128D-83F7-4ADB-AE46-F483EF251769}.Debug|x86.ActiveCfg = Debug|Any CPU
		{02FB128D-83F7-4ADB-AE46-F483EF251769}.Debug|x86.Build.0 = Debug|Any CPU
		{02FB128D-83F7-4ADB-AE46-F483EF251769}.Release|Any CPU.ActiveCfg = Release|Any CPU
		{02FB128D-83F7-4ADB-AE46-F483EF251769}.Release|Any CPU.Build.0 = Release|Any CPU
		{02FB128D-83F7-4ADB-AE46-F483EF251769}.Release|x64.ActiveCfg = Release|Any CPU
		{02FB128D-83F7-4ADB-AE46-F483EF251769}.Release|x64.Build.0 = Release|Any CPU
		{02FB128D-83F7-4ADB-AE46-F483EF251769}.Release|x86.ActiveCfg = Release|Any CPU
		{02FB128D-83F7-4ADB-AE46-F483EF251769}.Release|x86.Build.0 = Release|Any CPU
		{EC793348-AFE5-4DA0-9335-9B2658E15C06}.Debug|Any CPU.ActiveCfg = Debug|Any CPU
		{EC793348-AFE5-4DA0-9335-9B2658E15C06}.Debug|Any CPU.Build.0 = Debug|Any CPU
		{EC793348-AFE5-4DA0-9335-9B2658E15C06}.Debug|x64.ActiveCfg = Debug|Any CPU
		{EC793348-AFE5-4DA0-9335-9B2658E15C06}.Debug|x64.Build.0 = Debug|Any CPU
		{EC793348-AFE5-4DA0-9335-9B2658E15C06}.Debug|x86.ActiveCfg = Debug|Any CPU
		{EC793348-AFE5-4DA0-9335-9B2658E15C06}.Debug|x86.Build.0 = Debug|Any CPU
		{EC793348-AFE5-4DA0-9335-9B2658E15C06}.Release|Any CPU.ActiveCfg = Release|Any CPU
		{EC793348-AFE5-4DA0-9335-9B2658E15C06}.Release|Any CPU.Build.0 = Release|Any CPU
		{EC793348-AFE5-4DA0-9335-9B2658E15C06}.Release|x64.ActiveCfg = Release|Any CPU
		{EC793348-AFE5-4DA0-9335-9B2658E15C06}.Release|x64.Build.0 = Release|Any CPU
		{EC793348-AFE5-4DA0-9335-9B2658E15C06}.Release|x86.ActiveCfg = Release|Any CPU
		{EC793348-AFE5-4DA0-9335-9B2658E15C06}.Release|x86.Build.0 = Release|Any CPU
	EndGlobalSection
	GlobalSection(SolutionProperties) = preSolution
		HideSolutionNode = FALSE
	EndGlobalSection
	GlobalSection(ExtensibilityGlobals) = postSolution
		SolutionGuid = {E7238383-8384-497F-9684-14C19A608082}
	EndGlobalSection
EndGlobal
